
Microsoft Visual Studio Solution File, Format Version 12.00
# Visual Studio Version 17
VisualStudioVersion = 17.8.34511.84
MinimumVisualStudioVersion = 10.0.40219.1
Project("{2150E333-8FDC-42A3-9474-1A3956D46DE8}") = "src", "src", "{2F76118A-791B-437E-8094-29AEE0767F72}"
EndProject
Project("{2150E333-8FDC-42A3-9474-1A3956D46DE8}") = "tests", "tests", "{3732F26B-EBC9-4215-92A7-43696F638790}"
EndProject
Project("{FAE04EC0-301F-11D3-BF4B-00C04F79EFBC}") = "BeCalm.Core", "BeCalm.Core\BeCalm.Core.csproj", "{91CCC183-D595-4349-B05B-0F70861D2707}"
EndProject
Project("{FAE04EC0-301F-11D3-BF4B-00C04F79EFBC}") = "BeCalm.Application", "BeCalm.Application\BeCalm.Application.csproj", "{8717CC89-1DFD-41F2-BE12-27480BDFA245}"
EndProject
Project("{FAE04EC0-301F-11D3-BF4B-00C04F79EFBC}") = "BeCalm.Infrastructure.Data", "BeCalm.Infrastructure.Data\BeCalm.Infrastructure.Data.csproj", "{E28A8D53-AD35-4F6C-9F90-498479F162E6}"
EndProject
Project("{FAE04EC0-301F-11D3-BF4B-00C04F79EFBC}") = "BeCalm.Infrastructure", "BeCalm.Infrastructure\BeCalm.Infrastructure.csproj", "{3FD61D0D-F11F-4CC4-804A-FF13040C7E9A}"
EndProject
Project("{FAE04EC0-301F-11D3-BF4B-00C04F79EFBC}") = "BeCalm.Shared", "BeCalm.Shared\BeCalm.Shared.csproj", "{BF01C61B-B361-4318-83D6-9867EED1374C}"
EndProject
Project("{FAE04EC0-301F-11D3-BF4B-00C04F79EFBC}") = "BeCalm.IdentityServer", "BeCalm.IdentityServer\BeCalm.IdentityServer.csproj", "{D6C8F3BA-E575-4485-A229-2A84DD480531}"
EndProject
Project("{FAE04EC0-301F-11D3-BF4B-00C04F79EFBC}") = "BeCalm.WebUI", "BeCalm.WebUI\BeCalm.WebUI.csproj", "{68CA84BC-60E9-4E5A-BEC9-B35F4D0CAB32}"
EndProject
Project("{FAE04EC0-301F-11D3-BF4B-00C04F79EFBC}") = "BeCalm.WebAPI", "BeCalm.WebAPI\BeCalm.WebAPI.csproj", "{50797684-7609-4691-AD2E-DE424BDE17FE}"
EndProject
Project("{FAE04EC0-301F-11D3-BF4B-00C04F79EFBC}") = "BeCalm.Application.Tests", "BeCalm.Application.Tests\BeCalm.Application.Tests.csproj", "{92CA6CD1-96B4-42FE-8219-9FBED2741458}"
EndProject
Global
	GlobalSection(SolutionConfigurationPlatforms) = preSolution
		Debug|Any CPU = Debug|Any CPU
		Release|Any CPU = Release|Any CPU
	EndGlobalSection
	GlobalSection(ProjectConfigurationPlatforms) = postSolution
		{91CCC183-D595-4349-B05B-0F70861D2707}.Debug|Any CPU.ActiveCfg = Debug|Any CPU
		{91CCC183-D595-4349-B05B-0F70861D2707}.Debug|Any CPU.Build.0 = Debug|Any CPU
		{91CCC183-D595-4349-B05B-0F70861D2707}.Release|Any CPU.ActiveCfg = Release|Any CPU
		{91CCC183-D595-4349-B05B-0F70861D2707}.Release|Any CPU.Build.0 = Release|Any CPU
		{8717CC89-1DFD-41F2-BE12-27480BDFA245}.Debug|Any CPU.ActiveCfg = Debug|Any CPU
		{8717CC89-1DFD-41F2-BE12-27480BDFA245}.Debug|Any CPU.Build.0 = Debug|Any CPU
		{8717CC89-1DFD-41F2-BE12-27480BDFA245}.Release|Any CPU.ActiveCfg = Release|Any CPU
		{8717CC89-1DFD-41F2-BE12-27480BDFA245}.Release|Any CPU.Build.0 = Release|Any CPU
		{E28A8D53-AD35-4F6C-9F90-498479F162E6}.Debug|Any CPU.ActiveCfg = Debug|Any CPU
		{E28A8D53-AD35-4F6C-9F90-498479F162E6}.Debug|Any CPU.Build.0 = Debug|Any CPU
		{E28A8D53-AD35-4F6C-9F90-498479F162E6}.Release|Any CPU.ActiveCfg = Release|Any CPU
		{E28A8D53-AD35-4F6C-9F90-498479F162E6}.Release|Any CPU.Build.0 = Release|Any CPU
		{3FD61D0D-F11F-4CC4-804A-FF13040C7E9A}.Debug|Any CPU.ActiveCfg = Debug|Any CPU
		{3FD61D0D-F11F-4CC4-804A-FF13040C7E9A}.Debug|Any CPU.Build.0 = Debug|Any CPU
		{3FD61D0D-F11F-4CC4-804A-FF13040C7E9A}.Release|Any CPU.ActiveCfg = Release|Any CPU
		{3FD61D0D-F11F-4CC4-804A-FF13040C7E9A}.Release|Any CPU.Build.0 = Release|Any CPU
		{BF01C61B-B361-4318-83D6-9867EED1374C}.Debug|Any CPU.ActiveCfg = Debug|Any CPU
		{BF01C61B-B361-4318-83D6-9867EED1374C}.Debug|Any CPU.Build.0 = Debug|Any CPU
		{BF01C61B-B361-4318-83D6-9867EED1374C}.Release|Any CPU.ActiveCfg = Release|Any CPU
		{BF01C61B-B361-4318-83D6-9867EED1374C}.Release|Any CPU.Build.0 = Release|Any CPU
		{D6C8F3BA-E575-4485-A229-2A84DD480531}.Debug|Any CPU.ActiveCfg = Debug|Any CPU
		{D6C8F3BA-E575-4485-A229-2A84DD480531}.Debug|Any CPU.Build.0 = Debug|Any CPU
		{D6C8F3BA-E575-4485-A229-2A84DD480531}.Release|Any CPU.ActiveCfg = Release|Any CPU
		{D6C8F3BA-E575-4485-A229-2A84DD480531}.Release|Any CPU.Build.0 = Release|Any CPU
		{68CA84BC-60E9-4E5A-BEC9-B35F4D0CAB32}.Debug|Any CPU.ActiveCfg = Debug|Any CPU
		{68CA84BC-60E9-4E5A-BEC9-B35F4D0CAB32}.Debug|Any CPU.Build.0 = Debug|Any CPU
		{68CA84BC-60E9-4E5A-BEC9-B35F4D0CAB32}.Release|Any CPU.ActiveCfg = Release|Any CPU
		{68CA84BC-60E9-4E5A-BEC9-B35F4D0CAB32}.Release|Any CPU.Build.0 = Release|Any CPU
		{50797684-7609-4691-AD2E-DE424BDE17FE}.Debug|Any CPU.ActiveCfg = Debug|Any CPU
		{50797684-7609-4691-AD2E-DE424BDE17FE}.Debug|Any CPU.Build.0 = Debug|Any CPU
		{50797684-7609-4691-AD2E-DE424BDE17FE}.Release|Any CPU.ActiveCfg = Release|Any CPU
		{50797684-7609-4691-AD2E-DE424BDE17FE}.Release|Any CPU.Build.0 = Release|Any CPU
		{92CA6CD1-96B4-42FE-8219-9FBED2741458}.Debug|Any CPU.ActiveCfg = Debug|Any CPU
		{92CA6CD1-96B4-42FE-8219-9FBED2741458}.Debug|Any CPU.Build.0 = Debug|Any CPU
		{92CA6CD1-96B4-42FE-8219-9FBED2741458}.Release|Any CPU.ActiveCfg = Release|Any CPU
		{92CA6CD1-96B4-42FE-8219-9FBED2741458}.Release|Any CPU.Build.0 = Release|Any CPU
	EndGlobalSection
	GlobalSection(SolutionProperties) = preSolution
		HideSolutionNode = FALSE
	EndGlobalSection
	GlobalSection(NestedProjects) = preSolution
		{91CCC183-D595-4349-B05B-0F70861D2707} = {2F76118A-791B-437E-8094-29AEE0767F72}
		{8717CC89-1DFD-41F2-BE12-27480BDFA245} = {2F76118A-791B-437E-8094-29AEE0767F72}
		{E28A8D53-AD35-4F6C-9F90-498479F162E6} = {2F76118A-791B-437E-8094-29AEE0767F72}
		{3FD61D0D-F11F-4CC4-804A-FF13040C7E9A} = {2F76118A-791B-437E-8094-29AEE0767F72}
		{BF01C61B-B361-4318-83D6-9867EED1374C} = {2F76118A-791B-437E-8094-29AEE0767F72}
		{D6C8F3BA-E575-4485-A229-2A84DD480531} = {2F76118A-791B-437E-8094-29AEE0767F72}
		{68CA84BC-60E9-4E5A-BEC9-B35F4D0CAB32} = {2F76118A-791B-437E-8094-29AEE0767F72}
		{50797684-7609-4691-AD2E-DE424BDE17FE} = {2F76118A-791B-437E-8094-29AEE0767F72}
		{92CA6CD1-96B4-42FE-8219-9FBED2741458} = {3732F26B-EBC9-4215-92A7-43696F638790}
	EndGlobalSection
	GlobalSection(ExtensibilityGlobals) = postSolution
		SolutionGuid = {0AFBBEFD-09F6-4F3D-B24B-440E56884157}
	EndGlobalSection
EndGlobal
